
Microsoft Visual Studio Solution File, Format Version 12.00
# Visual Studio 15
VisualStudioVersion = 15.0.26124.0
MinimumVisualStudioVersion = 15.0.26124.0
Project("{FAE04EC0-301F-11D3-BF4B-00C04F79EFBC}") = "ProAgil.Api", "ProAgil.Api\ProAgil.Api.csproj", "{F7BC9E26-9CFF-47DA-A1BC-EA45B37C3223}"
EndProject
Project("{FAE04EC0-301F-11D3-BF4B-00C04F79EFBC}") = "ProAgil.Repository", "ProAgil.Repository\ProAgil.Repository.csproj", "{FE71CAA6-1687-46AB-B7A7-6FC37FB57D46}"
EndProject
Project("{FAE04EC0-301F-11D3-BF4B-00C04F79EFBC}") = "ProAgil.Domain", "ProAgil.Domain\ProAgil.Domain.csproj", "{1B659F47-BF85-4E4C-B992-D655D3D5CA7C}"
EndProject
Global
	GlobalSection(SolutionConfigurationPlatforms) = preSolution
		Debug|Any CPU = Debug|Any CPU
		Debug|x64 = Debug|x64
		Debug|x86 = Debug|x86
		Release|Any CPU = Release|Any CPU
		Release|x64 = Release|x64
		Release|x86 = Release|x86
	EndGlobalSection
	GlobalSection(SolutionProperties) = preSolution
		HideSolutionNode = FALSE
	EndGlobalSection
	GlobalSection(ProjectConfigurationPlatforms) = postSolution
		{F7BC9E26-9CFF-47DA-A1BC-EA45B37C3223}.Debug|Any CPU.ActiveCfg = Debug|Any CPU
		{F7BC9E26-9CFF-47DA-A1BC-EA45B37C3223}.Debug|Any CPU.Build.0 = Debug|Any CPU
		{F7BC9E26-9CFF-47DA-A1BC-EA45B37C3223}.Debug|x64.ActiveCfg = Debug|Any CPU
		{F7BC9E26-9CFF-47DA-A1BC-EA45B37C3223}.Debug|x64.Build.0 = Debug|Any CPU
		{F7BC9E26-9CFF-47DA-A1BC-EA45B37C3223}.Debug|x86.ActiveCfg = Debug|Any CPU
		{F7BC9E26-9CFF-47DA-A1BC-EA45B37C3223}.Debug|x86.Build.0 = Debug|Any CPU
		{F7BC9E26-9CFF-47DA-A1BC-EA45B37C3223}.Release|Any CPU.ActiveCfg = Release|Any CPU
		{F7BC9E26-9CFF-47DA-A1BC-EA45B37C3223}.Release|Any CPU.Build.0 = Release|Any CPU
		{F7BC9E26-9CFF-47DA-A1BC-EA45B37C3223}.Release|x64.ActiveCfg = Release|Any CPU
		{F7BC9E26-9CFF-47DA-A1BC-EA45B37C3223}.Release|x64.Build.0 = Release|Any CPU
		{F7BC9E26-9CFF-47DA-A1BC-EA45B37C3223}.Release|x86.ActiveCfg = Release|Any CPU
		{F7BC9E26-9CFF-47DA-A1BC-EA45B37C3223}.Release|x86.Build.0 = Release|Any CPU
		{FE71CAA6-1687-46AB-B7A7-6FC37FB57D46}.Debug|Any CPU.ActiveCfg = Debug|Any CPU
		{FE71CAA6-1687-46AB-B7A7-6FC37FB57D46}.Debug|Any CPU.Build.0 = Debug|Any CPU
		{FE71CAA6-1687-46AB-B7A7-6FC37FB57D46}.Debug|x64.ActiveCfg = Debug|Any CPU
		{FE71CAA6-1687-46AB-B7A7-6FC37FB57D46}.Debug|x64.Build.0 = Debug|Any CPU
		{FE71CAA6-1687-46AB-B7A7-6FC37FB57D46}.Debug|x86.ActiveCfg = Debug|Any CPU
		{FE71CAA6-1687-46AB-B7A7-6FC37FB57D46}.Debug|x86.Build.0 = Debug|Any CPU
		{FE71CAA6-1687-46AB-B7A7-6FC37FB57D46}.Release|Any CPU.ActiveCfg = Release|Any CPU
		{FE71CAA6-1687-46AB-B7A7-6FC37FB57D46}.Release|Any CPU.Build.0 = Release|Any CPU
		{FE71CAA6-1687-46AB-B7A7-6FC37FB57D46}.Release|x64.ActiveCfg = Release|Any CPU
		{FE71CAA6-1687-46AB-B7A7-6FC37FB57D46}.Release|x64.Build.0 = Release|Any CPU
		{FE71CAA6-1687-46AB-B7A7-6FC37FB57D46}.Release|x86.ActiveCfg = Release|Any CPU
		{FE71CAA6-1687-46AB-B7A7-6FC37FB57D46}.Release|x86.Build.0 = Release|Any CPU
		{1B659F47-BF85-4E4C-B992-D655D3D5CA7C}.Debug|Any CPU.ActiveCfg = Debug|Any CPU
		{1B659F47-BF85-4E4C-B992-D655D3D5CA7C}.Debug|Any CPU.Build.0 = Debug|Any CPU
		{1B659F47-BF85-4E4C-B992-D655D3D5CA7C}.Debug|x64.ActiveCfg = Debug|Any CPU
		{1B659F47-BF85-4E4C-B992-D655D3D5CA7C}.Debug|x64.Build.0 = Debug|Any CPU
		{1B659F47-BF85-4E4C-B992-D655D3D5CA7C}.Debug|x86.ActiveCfg = Debug|Any CPU
		{1B659F47-BF85-4E4C-B992-D655D3D5CA7C}.Debug|x86.Build.0 = Debug|Any CPU
		{1B659F47-BF85-4E4C-B992-D655D3D5CA7C}.Release|Any CPU.ActiveCfg = Release|Any CPU
		{1B659F47-BF85-4E4C-B992-D655D3D5CA7C}.Release|Any CPU.Build.0 = Release|Any CPU
		{1B659F47-BF85-4E4C-B992-D655D3D5CA7C}.Release|x64.ActiveCfg = Release|Any CPU
		{1B659F47-BF85-4E4C-B992-D655D3D5CA7C}.Release|x64.Build.0 = Release|Any CPU
		{1B659F47-BF85-4E4C-B992-D655D3D5CA7C}.Release|x86.ActiveCfg = Release|Any CPU
		{1B659F47-BF85-4E4C-B992-D655D3D5CA7C}.Release|x86.Build.0 = Release|Any CPU
	EndGlobalSection
EndGlobal
